github.com/hypolas/hypolashlckhelpers v0.0.3 h1:trmH9o2TbiDC0AfTnuJujKizsoENaakYP4hQeC3GEgI=
github.com/hypolas/hypolashlckhelpers v0.0.3/go.mod h1:6AR+JEYUPNX0uumq2wuqUZtMvk/VnvqxDgKyQrqayZc=
github.com/hypolas/hypolashlckhelpers v0.0.5 h1:lWdshbFp+hHybKnS6Btl2Acw1+A71kWcWLvjb8tWz1A=
github.com/hypolas/hypolashlckhelpers v0.0.5/go.mod h1:6AR+JEYUPNX0uumq2wuqUZtMvk/VnvqxDgKyQrqayZc=
github.com/hypolas/hypolashlckhelpers v0.0.6 h1:spMxK2PLwbC1MXBcCc8r0kG2k9yrHJh33hbPhL8sJWM=
github.com/hypolas/hypolashlckhelpers v0.0.6/go.mod h1:6AR+JEYUPNX0uumq2wuqUZtMvk/VnvqxDgKyQrqayZc=
github.com/hypolas/hypolashlckhttp v0.0.1 h1:jm20y48nDyxbdE7ijtqKPikH/kai5nHqnRxyc0ivm7Y=
github.com/hypolas/hypolashlckhttp v0.0.1/go.mod h1:fg2V1liH+iFO4Icrj5Ctyl3d8m1LfYzF1Nkz5CDD8dE=
github.com/hypolas/hypolashlckhttp v0.0.2 h1:s3F5VdYPdLSA7+mEOIxQ7aNaJotLSXwZwXkhOADGjUE=
github.com/hypolas/hypolashlckhttp v0.0.2/go.mod h1:DPZW/tQvmfyDatyFHzMb10yfuEDgI3TRipLGSgvAHGo=
github.com/hypolas/hypolashlckhttp v0.0.3 h1:JJtJEtTC8JTbvYjwvrGJH8eEGQ9jwZL8Vn3K+WW8DCA=
github.com/hypolas/hypolashlckhttp v0.0.3/go.mod h1:r1yWqrBaaMUEIZWgsuIpOV70DFVOvqRx0J8UsczyG7o=
github.com/hypolas/hypolaslogger v0.0.4 h1:vffdaov1HUWPjZZxNRr57nAxMirpnnpKDLN5h0pnIVU=
github.com/hypolas/hypolaslogger v0.0.4/go.mod h1:9o5WwO5O6FCj4nNYpxinDByLAM63jg1xR1IFdnYc7RU=
github.com/hypolas/hypolaslogger v0.0.7 h1:wr6zeKuwH2ctcYJKYP7ePwaJl74uj09bjOzhP0U56bA=
github.com/hypolas/hypolaslogger v0.0.7/go.mod h1:9o5WwO5O6FCj4nNYpxinDByLAM63jg1xR1IFdnYc7RU=
github.com/hypolas/hypolaslogger v0.0.8 h1:lWKfJnrAWjgWSkBzt0M+09MCJvo+mKBeSldUr6XVuQw=
github.com/hypolas/hypolaslogger v0.0.8/go.mod h1:9o5WwO5O6FCj4nNYpxinDByLAM63jg1xR1IFdnYc7RU=
github.com/hypolas/readjsonfromflatpath v0.0.2 h1:ugzbSIbpAuG/raHYWDIPLmHTFD4aMJ3R7bq8/Y6QmIA=
github.com/hypolas/readjsonfromflatpath v0.0.2/go.mod h1:7AHq8Gp6W/FKlqYPtZcMpqD7igFQxnIgdDQcByisFm0=
github.com/hypolas/readjsonfromflatpath v0.0.3 h1:JJyPWMOCnBotYNMjT7OUtUS2kh80bPRUKOc37/WBUoM=
github.com/hypolas/readjsonfromflatpath v0.0.3/go.mod h1:F8YpUCWtgzIc/31YS1Ao0rdnGkeo/JOTUdHbSHsSOlk=
